
Microsoft Visual Studio Solution File, Format Version 12.00
# Visual Studio Version 17
VisualStudioVersion = 17.0.31903.59
MinimumVisualStudioVersion = 10.0.40219.1
Project("{9A19103F-16F7-4668-BE54-9A1E7A4F7556}") = "Dot7.CleanArchitecture.Api", "Dot7.CleanArchitecture.Api\Dot7.CleanArchitecture.Api.csproj", "{7E04FF48-4FB3-4AA1-8465-56F1631C141F}"
EndProject
Project("{9A19103F-16F7-4668-BE54-9A1E7A4F7556}") = "Dot7.CleanArchitecture.Application", "Dot7.CleanArchitecture.Application\Dot7.CleanArchitecture.Application.csproj", "{D6E937AF-BCE1-4BE1-8C54-10B48BE63CF0}"
EndProject
Project("{9A19103F-16F7-4668-BE54-9A1E7A4F7556}") = "Dot7.CleanArchitecture.Domain", "Dot7.CleanArchitecture.Domain\Dot7.CleanArchitecture.Domain.csproj", "{3F84563B-9F32-45AE-97E3-DCADDA1B33B1}"
EndProject
Project("{9A19103F-16F7-4668-BE54-9A1E7A4F7556}") = "Dot7.CleanArchitecture.Infrastructure", "Dot7.CleanArchitecture.Infrastructure\Dot7.CleanArchitecture.Infrastructure.csproj", "{2CA373AF-31B4-4BCA-A0F3-5D54176A9A02}"
EndProject
Global
	GlobalSection(SolutionConfigurationPlatforms) = preSolution
		Debug|Any CPU = Debug|Any CPU
		Release|Any CPU = Release|Any CPU
	EndGlobalSection
	GlobalSection(ProjectConfigurationPlatforms) = postSolution
		{7E04FF48-4FB3-4AA1-8465-56F1631C141F}.Debug|Any CPU.ActiveCfg = Debug|Any CPU
		{7E04FF48-4FB3-4AA1-8465-56F1631C141F}.Debug|Any CPU.Build.0 = Debug|Any CPU
		{7E04FF48-4FB3-4AA1-8465-56F1631C141F}.Release|Any CPU.ActiveCfg = Release|Any CPU
		{7E04FF48-4FB3-4AA1-8465-56F1631C141F}.Release|Any CPU.Build.0 = Release|Any CPU
		{D6E937AF-BCE1-4BE1-8C54-10B48BE63CF0}.Debug|Any CPU.ActiveCfg = Debug|Any CPU
		{D6E937AF-BCE1-4BE1-8C54-10B48BE63CF0}.Debug|Any CPU.Build.0 = Debug|Any CPU
		{D6E937AF-BCE1-4BE1-8C54-10B48BE63CF0}.Release|Any CPU.ActiveCfg = Release|Any CPU
		{D6E937AF-BCE1-4BE1-8C54-10B48BE63CF0}.Release|Any CPU.Build.0 = Release|Any CPU
		{3F84563B-9F32-45AE-97E3-DCADDA1B33B1}.Debug|Any CPU.ActiveCfg = Debug|Any CPU
		{3F84563B-9F32-45AE-97E3-DCADDA1B33B1}.Debug|Any CPU.Build.0 = Debug|Any CPU
		{3F84563B-9F32-45AE-97E3-DCADDA1B33B1}.Release|Any CPU.ActiveCfg = Release|Any CPU
		{3F84563B-9F32-45AE-97E3-DCADDA1B33B1}.Release|Any CPU.Build.0 = Release|Any CPU
		{2CA373AF-31B4-4BCA-A0F3-5D54176A9A02}.Debug|Any CPU.ActiveCfg = Debug|Any CPU
		{2CA373AF-31B4-4BCA-A0F3-5D54176A9A02}.Debug|Any CPU.Build.0 = Debug|Any CPU
		{2CA373AF-31B4-4BCA-A0F3-5D54176A9A02}.Release|Any CPU.ActiveCfg = Release|Any CPU
		{2CA373AF-31B4-4BCA-A0F3-5D54176A9A02}.Release|Any CPU.Build.0 = Release|Any CPU
	EndGlobalSection
	GlobalSection(SolutionProperties) = preSolution
		HideSolutionNode = FALSE
	EndGlobalSection
EndGlobal
